
Microsoft Visual Studio Solution File, Format Version 12.00
# Visual Studio Version 17
VisualStudioVersion = 17.14.36202.13
MinimumVisualStudioVersion = 10.0.40219.1
Project("{FAE04EC0-301F-11D3-BF4B-00C04F79EFBC}") = "OpenCore Office", "OpenCore Office\OpenCore Office.csproj", "{A55FE132-3289-4181-929A-512454A4B9EA}"
EndProject
Global
	GlobalSection(SolutionConfigurationPlatforms) = preSolution
		Debug|Any CPU = Debug|Any CPU
		Debug|x64 = Debug|x64
		Release|Any CPU = Release|Any CPU
		Release|x64 = Release|x64
	EndGlobalSection
	GlobalSection(ProjectConfigurationPlatforms) = postSolution
		{A55FE132-3289-4181-929A-512454A4B9EA}.Debug|Any CPU.ActiveCfg = Debug|Any CPU
		{A55FE132-3289-4181-929A-512454A4B9EA}.Debug|Any CPU.Build.0 = Debug|Any CPU
		{A55FE132-3289-4181-929A-512454A4B9EA}.Debug|Any CPU.Deploy.0 = Debug|Any CPU
		{A55FE132-3289-4181-929A-512454A4B9EA}.Debug|x64.ActiveCfg = Debug|Any CPU
		{A55FE132-3289-4181-929A-512454A4B9EA}.Debug|x64.Build.0 = Debug|Any CPU
		{A55FE132-3289-4181-929A-512454A4B9EA}.Debug|x64.Deploy.0 = Debug|Any CPU
		{A55FE132-3289-4181-929A-512454A4B9EA}.Release|Any CPU.ActiveCfg = Release|Any CPU
		{A55FE132-3289-4181-929A-512454A4B9EA}.Release|Any CPU.Build.0 = Release|Any CPU
		{A55FE132-3289-4181-929A-512454A4B9EA}.Release|Any CPU.Deploy.0 = Release|Any CPU
		{A55FE132-3289-4181-929A-512454A4B9EA}.Release|x64.ActiveCfg = Release|x64
		{A55FE132-3289-4181-929A-512454A4B9EA}.Release|x64.Build.0 = Release|x64
		{A55FE132-3289-4181-929A-512454A4B9EA}.Release|x64.Deploy.0 = Release|x64
	EndGlobalSection
	GlobalSection(SolutionProperties) = preSolution
		HideSolutionNode = FALSE
	EndGlobalSection
	GlobalSection(ExtensibilityGlobals) = postSolution
		SolutionGuid = {C69A2A04-F3CE-4564-87D0-B9F4AAE9A762}
	EndGlobalSection
EndGlobal
